
Microsoft Visual Studio Solution File, Format Version 12.00
# Visual Studio 15
VisualStudioVersion = 15.0.27703.2035
MinimumVisualStudioVersion = 10.0.40219.1
Project("{FAE04EC0-301F-11D3-BF4B-00C04F79EFBC}") = "Diego.WxHttpSdk.Test", "Diego.WxHttpSdk.WeChatSdk.Test\Diego.WxHttpSdk.Test.csproj", "{08CB2E97-E883-4B2F-8EF7-FC52F250A185}"
EndProject
Project("{9A19103F-16F7-4668-BE54-9A1E7A4F7556}") = "Diego.WxHttpSdk", "Diego.WxHttpSdk.WeChat\Diego.WxHttpSdk.csproj", "{21C589AD-B64D-471C-B454-3F28F16DA14F}"
EndProject
Global
	GlobalSection(SolutionConfigurationPlatforms) = preSolution
		Debug|Any CPU = Debug|Any CPU
		Release|Any CPU = Release|Any CPU
	EndGlobalSection
	GlobalSection(ProjectConfigurationPlatforms) = postSolution
		{08CB2E97-E883-4B2F-8EF7-FC52F250A185}.Debug|Any CPU.ActiveCfg = Debug|Any CPU
		{08CB2E97-E883-4B2F-8EF7-FC52F250A185}.Debug|Any CPU.Build.0 = Debug|Any CPU
		{08CB2E97-E883-4B2F-8EF7-FC52F250A185}.Release|Any CPU.ActiveCfg = Release|Any CPU
		{08CB2E97-E883-4B2F-8EF7-FC52F250A185}.Release|Any CPU.Build.0 = Release|Any CPU
		{21C589AD-B64D-471C-B454-3F28F16DA14F}.Debug|Any CPU.ActiveCfg = Debug|Any CPU
		{21C589AD-B64D-471C-B454-3F28F16DA14F}.Debug|Any CPU.Build.0 = Debug|Any CPU
		{21C589AD-B64D-471C-B454-3F28F16DA14F}.Release|Any CPU.ActiveCfg = Release|Any CPU
		{21C589AD-B64D-471C-B454-3F28F16DA14F}.Release|Any CPU.Build.0 = Release|Any CPU
	EndGlobalSection
	GlobalSection(SolutionProperties) = preSolution
		HideSolutionNode = FALSE
	EndGlobalSection
	GlobalSection(ExtensibilityGlobals) = postSolution
		SolutionGuid = {61874DA0-EB66-4249-8943-782CD8D93EA4}
	EndGlobalSection
EndGlobal
